
Microsoft Visual Studio Solution File, Format Version 12.00
# Visual Studio Version 16
VisualStudioVersion = 16.0.30804.86
MinimumVisualStudioVersion = 10.0.40219.1
Project("{FAE04EC0-301F-11D3-BF4B-00C04F79EFBC}") = "SP FTP Manager", "SP FTP Manager\SP FTP Manager.csproj", "{C83D576C-220A-44C5-BF48-3246FE57C30F}"
EndProject
Global
	GlobalSection(SolutionConfigurationPlatforms) = preSolution
		Debug|Any CPU = Debug|Any CPU
		Release|Any CPU = Release|Any CPU
	EndGlobalSection
	GlobalSection(ProjectConfigurationPlatforms) = postSolution
		{C83D576C-220A-44C5-BF48-3246FE57C30F}.Debug|Any CPU.ActiveCfg = Debug|Any CPU
		{C83D576C-220A-44C5-BF48-3246FE57C30F}.Debug|Any CPU.Build.0 = Debug|Any CPU
		{C83D576C-220A-44C5-BF48-3246FE57C30F}.Release|Any CPU.ActiveCfg = Release|Any CPU
		{C83D576C-220A-44C5-BF48-3246FE57C30F}.Release|Any CPU.Build.0 = Release|Any CPU
	EndGlobalSection
	GlobalSection(SolutionProperties) = preSolution
		HideSolutionNode = FALSE
	EndGlobalSection
	GlobalSection(ExtensibilityGlobals) = postSolution
		SolutionGuid = {6DACEC29-CDDB-45AE-9436-C253E7E54418}
	EndGlobalSection
EndGlobal
